
Microsoft Visual Studio Solution File, Format Version 12.00
# Visual Studio Version 17
VisualStudioVersion = 17.14.36127.28
MinimumVisualStudioVersion = 10.0.40219.1
Project("{FAE04EC0-301F-11D3-BF4B-00C04F79EFBC}") = "Keto_Cta", "Keto_Cta\Keto_Cta.csproj", "{0B2BD959-F9D1-41CB-9129-AA5ECD9C8EDB}"
EndProject
Project("{FAE04EC0-301F-11D3-BF4B-00C04F79EFBC}") = "KetoCtaTest", "KetoCtaTest\KetoCtaTest.csproj", "{C4709EBE-2DEA-45C0-8A6A-CF0A222BDC13}"
EndProject
Project("{2150E333-8FDC-42A3-9474-1A3956D46DE8}") = "Data", "Data", "{02EA681E-C7D8-13C7-8484-4AC65E1B71E8}"
	ProjectSection(SolutionItems) = preProject
		..\..\..\iCloudDrive\Medical\Lundquist\Study Ancillary_\keto-cta-quant-and-semi-quant.csv = ..\..\..\iCloudDrive\Medical\Lundquist\Study Ancillary_\keto-cta-quant-and-semi-quant.csv
	EndProjectSection
EndProject
Project("{FAE04EC0-301F-11D3-BF4B-00C04F79EFBC}") = "DataMiner", "DataMiner\DataMiner.csproj", "{30E790EE-B490-4A68-AAA6-6BCC42E38F95}"
EndProject
Global
	GlobalSection(SolutionConfigurationPlatforms) = preSolution
		Debug|Any CPU = Debug|Any CPU
		Release|Any CPU = Release|Any CPU
	EndGlobalSection
	GlobalSection(ProjectConfigurationPlatforms) = postSolution
		{0B2BD959-F9D1-41CB-9129-AA5ECD9C8EDB}.Debug|Any CPU.ActiveCfg = Debug|Any CPU
		{0B2BD959-F9D1-41CB-9129-AA5ECD9C8EDB}.Debug|Any CPU.Build.0 = Debug|Any CPU
		{0B2BD959-F9D1-41CB-9129-AA5ECD9C8EDB}.Release|Any CPU.ActiveCfg = Release|Any CPU
		{0B2BD959-F9D1-41CB-9129-AA5ECD9C8EDB}.Release|Any CPU.Build.0 = Release|Any CPU
		{C4709EBE-2DEA-45C0-8A6A-CF0A222BDC13}.Debug|Any CPU.ActiveCfg = Debug|Any CPU
		{C4709EBE-2DEA-45C0-8A6A-CF0A222BDC13}.Debug|Any CPU.Build.0 = Debug|Any CPU
		{C4709EBE-2DEA-45C0-8A6A-CF0A222BDC13}.Release|Any CPU.ActiveCfg = Release|Any CPU
		{C4709EBE-2DEA-45C0-8A6A-CF0A222BDC13}.Release|Any CPU.Build.0 = Release|Any CPU
		{30E790EE-B490-4A68-AAA6-6BCC42E38F95}.Debug|Any CPU.ActiveCfg = Debug|Any CPU
		{30E790EE-B490-4A68-AAA6-6BCC42E38F95}.Debug|Any CPU.Build.0 = Debug|Any CPU
		{30E790EE-B490-4A68-AAA6-6BCC42E38F95}.Release|Any CPU.ActiveCfg = Release|Any CPU
		{30E790EE-B490-4A68-AAA6-6BCC42E38F95}.Release|Any CPU.Build.0 = Release|Any CPU
	EndGlobalSection
	GlobalSection(SolutionProperties) = preSolution
		HideSolutionNode = FALSE
	EndGlobalSection
	GlobalSection(ExtensibilityGlobals) = postSolution
		SolutionGuid = {556C7112-31A1-472E-9099-2FE0E5A10A29}
	EndGlobalSection
EndGlobal
